
Microsoft Visual Studio Solution File, Format Version 12.00
# Visual Studio 2013
VisualStudioVersion = 12.0.31101.0
MinimumVisualStudioVersion = 10.0.40219.1
Project("{FAE04EC0-301F-11D3-BF4B-00C04F79EFBC}") = "UnitCommand", "UnitCommand\UnitCommand.csproj", "{1F0282FF-22DE-434A-8824-366F56BE7B8D}"
EndProject
Project("{FAE04EC0-301F-11D3-BF4B-00C04F79EFBC}") = "Typescript", "Typescript\Typescript.csproj", "{3125040A-0A3F-4275-9F94-E1414BDE2B2F}"
EndProject
Global
	GlobalSection(SolutionConfigurationPlatforms) = preSolution
		Debug|Any CPU = Debug|Any CPU
		Release|Any CPU = Release|Any CPU
	EndGlobalSection
	GlobalSection(ProjectConfigurationPlatforms) = postSolution
		{1F0282FF-22DE-434A-8824-366F56BE7B8D}.Debug|Any CPU.ActiveCfg = Debug|Any CPU
		{1F0282FF-22DE-434A-8824-366F56BE7B8D}.Debug|Any CPU.Build.0 = Debug|Any CPU
		{1F0282FF-22DE-434A-8824-366F56BE7B8D}.Release|Any CPU.ActiveCfg = Release|Any CPU
		{1F0282FF-22DE-434A-8824-366F56BE7B8D}.Release|Any CPU.Build.0 = Release|Any CPU
		{3125040A-0A3F-4275-9F94-E1414BDE2B2F}.Debug|Any CPU.ActiveCfg = Debug|Any CPU
		{3125040A-0A3F-4275-9F94-E1414BDE2B2F}.Debug|Any CPU.Build.0 = Debug|Any CPU
		{3125040A-0A3F-4275-9F94-E1414BDE2B2F}.Release|Any CPU.ActiveCfg = Release|Any CPU
		{3125040A-0A3F-4275-9F94-E1414BDE2B2F}.Release|Any CPU.Build.0 = Release|Any CPU
	EndGlobalSection
	GlobalSection(SolutionProperties) = preSolution
		HideSolutionNode = FALSE
	EndGlobalSection
EndGlobal
